
Microsoft Visual Studio Solution File, Format Version 12.00
# Visual Studio Version 17
VisualStudioVersion = 17.7.34202.233
MinimumVisualStudioVersion = 10.0.40219.1
Project("{FAE04EC0-301F-11D3-BF4B-00C04F79EFBC}") = "meetingly-webapi", "meetingly-webapi\meetingly-webapi.csproj", "{B4904240-B190-4693-BA71-E9FC6740A48E}"
EndProject
Global
	GlobalSection(SolutionConfigurationPlatforms) = preSolution
		Debug|Any CPU = Debug|Any CPU
		Release|Any CPU = Release|Any CPU
	EndGlobalSection
	GlobalSection(ProjectConfigurationPlatforms) = postSolution
		{B4904240-B190-4693-BA71-E9FC6740A48E}.Debug|Any CPU.ActiveCfg = Debug|Any CPU
		{B4904240-B190-4693-BA71-E9FC6740A48E}.Debug|Any CPU.Build.0 = Debug|Any CPU
		{B4904240-B190-4693-BA71-E9FC6740A48E}.Release|Any CPU.ActiveCfg = Release|Any CPU
		{B4904240-B190-4693-BA71-E9FC6740A48E}.Release|Any CPU.Build.0 = Release|Any CPU
	EndGlobalSection
	GlobalSection(SolutionProperties) = preSolution
		HideSolutionNode = FALSE
	EndGlobalSection
	GlobalSection(ExtensibilityGlobals) = postSolution
		SolutionGuid = {3814A582-9B2E-45D6-8337-A634D095BEC8}
	EndGlobalSection
EndGlobal
